
Microsoft Visual Studio Solution File, Format Version 12.00
Project("{FAE04EC0-301F-11D3-BF4B-00C04F79EFBC}") = "day5_if_you_give_a_seed_a_fertilizer", "day5_if_you_give_a_seed_a_fertilizer.csproj", "{F6578D27-ECA4-40DB-BF48-B20021C9CBC3}"
EndProject
Global
	GlobalSection(SolutionConfigurationPlatforms) = preSolution
		Debug|Any CPU = Debug|Any CPU
		Release|Any CPU = Release|Any CPU
	EndGlobalSection
	GlobalSection(ProjectConfigurationPlatforms) = postSolution
		{F6578D27-ECA4-40DB-BF48-B20021C9CBC3}.Debug|Any CPU.ActiveCfg = Debug|Any CPU
		{F6578D27-ECA4-40DB-BF48-B20021C9CBC3}.Debug|Any CPU.Build.0 = Debug|Any CPU
		{F6578D27-ECA4-40DB-BF48-B20021C9CBC3}.Release|Any CPU.ActiveCfg = Release|Any CPU
		{F6578D27-ECA4-40DB-BF48-B20021C9CBC3}.Release|Any CPU.Build.0 = Release|Any CPU
	EndGlobalSection
EndGlobal
